
Microsoft Visual Studio Solution File, Format Version 12.00
# Visual Studio Version 17
VisualStudioVersion = 17.4.33205.214
MinimumVisualStudioVersion = 10.0.40219.1
Project("{6EC3EE1D-3C4E-46DD-8F32-0CC8E7565705}") = "Ems", "Ems\Ems.fsproj", "{7CD1740A-B7C1-4F38-825A-FC12655C4BE6}"
EndProject
Project("{9A19103F-16F7-4668-BE54-9A1E7A4F7556}") = "Data", "Data\Data.csproj", "{351C5446-7CF9-4893-9DC8-16225D75069B}"
EndProject
Project("{9A19103F-16F7-4668-BE54-9A1E7A4F7556}") = "Ems1", "Ems1\Ems1.csproj", "{1220323C-F682-48C6-A96E-6723EB43AEAF}"
EndProject
Project("{FAE04EC0-301F-11D3-BF4B-00C04F79EFBC}") = "Repository", "Repository\Repository.csproj", "{1BFF8D78-EB8D-4227-940A-2E3C21CE6B09}"
EndProject
Global
	GlobalSection(SolutionConfigurationPlatforms) = preSolution
		Debug|Any CPU = Debug|Any CPU
		Release|Any CPU = Release|Any CPU
	EndGlobalSection
	GlobalSection(ProjectConfigurationPlatforms) = postSolution
		{7CD1740A-B7C1-4F38-825A-FC12655C4BE6}.Debug|Any CPU.ActiveCfg = Debug|Any CPU
		{7CD1740A-B7C1-4F38-825A-FC12655C4BE6}.Debug|Any CPU.Build.0 = Debug|Any CPU
		{7CD1740A-B7C1-4F38-825A-FC12655C4BE6}.Release|Any CPU.ActiveCfg = Release|Any CPU
		{7CD1740A-B7C1-4F38-825A-FC12655C4BE6}.Release|Any CPU.Build.0 = Release|Any CPU
		{351C5446-7CF9-4893-9DC8-16225D75069B}.Debug|Any CPU.ActiveCfg = Debug|Any CPU
		{351C5446-7CF9-4893-9DC8-16225D75069B}.Debug|Any CPU.Build.0 = Debug|Any CPU
		{351C5446-7CF9-4893-9DC8-16225D75069B}.Release|Any CPU.ActiveCfg = Release|Any CPU
		{351C5446-7CF9-4893-9DC8-16225D75069B}.Release|Any CPU.Build.0 = Release|Any CPU
		{1220323C-F682-48C6-A96E-6723EB43AEAF}.Debug|Any CPU.ActiveCfg = Debug|Any CPU
		{1220323C-F682-48C6-A96E-6723EB43AEAF}.Debug|Any CPU.Build.0 = Debug|Any CPU
		{1220323C-F682-48C6-A96E-6723EB43AEAF}.Release|Any CPU.ActiveCfg = Release|Any CPU
		{1220323C-F682-48C6-A96E-6723EB43AEAF}.Release|Any CPU.Build.0 = Release|Any CPU
		{1BFF8D78-EB8D-4227-940A-2E3C21CE6B09}.Debug|Any CPU.ActiveCfg = Debug|Any CPU
		{1BFF8D78-EB8D-4227-940A-2E3C21CE6B09}.Debug|Any CPU.Build.0 = Debug|Any CPU
		{1BFF8D78-EB8D-4227-940A-2E3C21CE6B09}.Release|Any CPU.ActiveCfg = Release|Any CPU
		{1BFF8D78-EB8D-4227-940A-2E3C21CE6B09}.Release|Any CPU.Build.0 = Release|Any CPU
	EndGlobalSection
	GlobalSection(SolutionProperties) = preSolution
		HideSolutionNode = FALSE
	EndGlobalSection
	GlobalSection(ExtensibilityGlobals) = postSolution
		SolutionGuid = {BC3BE826-4D44-43DA-98B4-A25093AEC588}
	EndGlobalSection
EndGlobal
